
Microsoft Visual Studio Solution File, Format Version 12.00
# Visual Studio Version 16
VisualStudioVersion = 16.0.30204.135
MinimumVisualStudioVersion = 10.0.40219.1
Project("{FAE04EC0-301F-11D3-BF4B-00C04F79EFBC}") = "DCS_DataLink", "DCS_DataLink\DCS_DataLink.csproj", "{2590E647-DF18-4B8A-8EC6-65A153BA139B}"
EndProject
Project("{54435603-DBB4-11D2-8724-00A0C9A8B90C}") = "键盘飞行辅助程序", "键盘飞行辅助程序\键盘飞行辅助程序.vdproj", "{1F1353D3-1EBF-420A-B6AF-C428265EB313}"
EndProject
Global
	GlobalSection(SolutionConfigurationPlatforms) = preSolution
		Debug|Any CPU = Debug|Any CPU
		Release|Any CPU = Release|Any CPU
	EndGlobalSection
	GlobalSection(ProjectConfigurationPlatforms) = postSolution
		{2590E647-DF18-4B8A-8EC6-65A153BA139B}.Debug|Any CPU.ActiveCfg = Debug|Any CPU
		{2590E647-DF18-4B8A-8EC6-65A153BA139B}.Debug|Any CPU.Build.0 = Debug|Any CPU
		{2590E647-DF18-4B8A-8EC6-65A153BA139B}.Release|Any CPU.ActiveCfg = Release|Any CPU
		{2590E647-DF18-4B8A-8EC6-65A153BA139B}.Release|Any CPU.Build.0 = Release|Any CPU
		{1F1353D3-1EBF-420A-B6AF-C428265EB313}.Debug|Any CPU.ActiveCfg = Debug
		{1F1353D3-1EBF-420A-B6AF-C428265EB313}.Release|Any CPU.ActiveCfg = Release
	EndGlobalSection
	GlobalSection(SolutionProperties) = preSolution
		HideSolutionNode = FALSE
	EndGlobalSection
	GlobalSection(ExtensibilityGlobals) = postSolution
		SolutionGuid = {AD835270-4FD5-430E-9D64-8322E58FE31B}
	EndGlobalSection
EndGlobal
